
Microsoft Visual Studio Solution File, Format Version 12.00
# Visual Studio 15
VisualStudioVersion = 15.0.28010.2036
MinimumVisualStudioVersion = 10.0.40219.1
Project("{FAE04EC0-301F-11D3-BF4B-00C04F79EFBC}") = "UniqueBikes", "UniqueBikes\UniqueBikes.csproj", "{3229428D-C91F-44A6-AD6D-28732A529756}"
EndProject
Global
	GlobalSection(SolutionConfigurationPlatforms) = preSolution
		Debug|Any CPU = Debug|Any CPU
		Release|Any CPU = Release|Any CPU
	EndGlobalSection
	GlobalSection(ProjectConfigurationPlatforms) = postSolution
		{3229428D-C91F-44A6-AD6D-28732A529756}.Debug|Any CPU.ActiveCfg = Debug|Any CPU
		{3229428D-C91F-44A6-AD6D-28732A529756}.Debug|Any CPU.Build.0 = Debug|Any CPU
		{3229428D-C91F-44A6-AD6D-28732A529756}.Release|Any CPU.ActiveCfg = Release|Any CPU
		{3229428D-C91F-44A6-AD6D-28732A529756}.Release|Any CPU.Build.0 = Release|Any CPU
	EndGlobalSection
	GlobalSection(SolutionProperties) = preSolution
		HideSolutionNode = FALSE
	EndGlobalSection
	GlobalSection(ExtensibilityGlobals) = postSolution
		SolutionGuid = {4F1E6BB5-A72A-44C1-AEA7-99A411C0627B}
	EndGlobalSection
EndGlobal
