
Microsoft Visual Studio Solution File, Format Version 12.00
# Visual Studio 15
VisualStudioVersion = 15.0.28010.2048
MinimumVisualStudioVersion = 10.0.40219.1
Project("{FAE04EC0-301F-11D3-BF4B-00C04F79EFBC}") = "ExceptionExample", "ExceptionExample\ExceptionExample.csproj", "{CDD24C55-9D99-4856-92AB-0A90CD33DBDC}"
EndProject
Global
	GlobalSection(SolutionConfigurationPlatforms) = preSolution
		Debug|Any CPU = Debug|Any CPU
		Release|Any CPU = Release|Any CPU
	EndGlobalSection
	GlobalSection(ProjectConfigurationPlatforms) = postSolution
		{CDD24C55-9D99-4856-92AB-0A90CD33DBDC}.Debug|Any CPU.ActiveCfg = Debug|Any CPU
		{CDD24C55-9D99-4856-92AB-0A90CD33DBDC}.Debug|Any CPU.Build.0 = Debug|Any CPU
		{CDD24C55-9D99-4856-92AB-0A90CD33DBDC}.Release|Any CPU.ActiveCfg = Release|Any CPU
		{CDD24C55-9D99-4856-92AB-0A90CD33DBDC}.Release|Any CPU.Build.0 = Release|Any CPU
	EndGlobalSection
	GlobalSection(SolutionProperties) = preSolution
		HideSolutionNode = FALSE
	EndGlobalSection
	GlobalSection(ExtensibilityGlobals) = postSolution
		SolutionGuid = {5C561F58-704F-479A-95DD-7EA2D124592B}
	EndGlobalSection
EndGlobal
