
Microsoft Visual Studio Solution File, Format Version 12.00
# Visual Studio 15
VisualStudioVersion = 15.0.28010.2036
MinimumVisualStudioVersion = 10.0.40219.1
Project("{FAE04EC0-301F-11D3-BF4B-00C04F79EFBC}") = "BookExample", "BookExample\BookExample.csproj", "{EC015257-D640-485A-83E5-F0CEA6094967}"
EndProject
Global
	GlobalSection(SolutionConfigurationPlatforms) = preSolution
		Debug|Any CPU = Debug|Any CPU
		Release|Any CPU = Release|Any CPU
	EndGlobalSection
	GlobalSection(ProjectConfigurationPlatforms) = postSolution
		{EC015257-D640-485A-83E5-F0CEA6094967}.Debug|Any CPU.ActiveCfg = Debug|Any CPU
		{EC015257-D640-485A-83E5-F0CEA6094967}.Debug|Any CPU.Build.0 = Debug|Any CPU
		{EC015257-D640-485A-83E5-F0CEA6094967}.Release|Any CPU.ActiveCfg = Release|Any CPU
		{EC015257-D640-485A-83E5-F0CEA6094967}.Release|Any CPU.Build.0 = Release|Any CPU
	EndGlobalSection
	GlobalSection(SolutionProperties) = preSolution
		HideSolutionNode = FALSE
	EndGlobalSection
	GlobalSection(ExtensibilityGlobals) = postSolution
		SolutionGuid = {608BC3DF-E8FE-4014-8A15-24AB984752AE}
	EndGlobalSection
EndGlobal
