
Microsoft Visual Studio Solution File, Format Version 12.00
# Visual Studio 15
VisualStudioVersion = 15.0.28010.2048
MinimumVisualStudioVersion = 10.0.40219.1
Project("{FAE04EC0-301F-11D3-BF4B-00C04F79EFBC}") = "BookCalculator", "BookCalculator\BookCalculator.csproj", "{1177638D-BB00-4ED9-AC20-924A4744E8AC}"
EndProject
Global
	GlobalSection(SolutionConfigurationPlatforms) = preSolution
		Debug|Any CPU = Debug|Any CPU
		Release|Any CPU = Release|Any CPU
	EndGlobalSection
	GlobalSection(ProjectConfigurationPlatforms) = postSolution
		{1177638D-BB00-4ED9-AC20-924A4744E8AC}.Debug|Any CPU.ActiveCfg = Debug|Any CPU
		{1177638D-BB00-4ED9-AC20-924A4744E8AC}.Debug|Any CPU.Build.0 = Debug|Any CPU
		{1177638D-BB00-4ED9-AC20-924A4744E8AC}.Release|Any CPU.ActiveCfg = Release|Any CPU
		{1177638D-BB00-4ED9-AC20-924A4744E8AC}.Release|Any CPU.Build.0 = Release|Any CPU
	EndGlobalSection
	GlobalSection(SolutionProperties) = preSolution
		HideSolutionNode = FALSE
	EndGlobalSection
	GlobalSection(ExtensibilityGlobals) = postSolution
		SolutionGuid = {7C1B7FBA-7D62-4E4E-BE4E-76FC86C8986E}
	EndGlobalSection
EndGlobal
