
Microsoft Visual Studio Solution File, Format Version 12.00
# Visual Studio 15
VisualStudioVersion = 15.0.28010.2048
MinimumVisualStudioVersion = 10.0.40219.1
Project("{FAE04EC0-301F-11D3-BF4B-00C04F79EFBC}") = "EFCoreExample", "EFCoreExample\EFCoreExample.csproj", "{C29DAB1D-016A-4CDB-AC85-8F84C1A95529}"
EndProject
Global
	GlobalSection(SolutionConfigurationPlatforms) = preSolution
		Debug|Any CPU = Debug|Any CPU
		Release|Any CPU = Release|Any CPU
	EndGlobalSection
	GlobalSection(ProjectConfigurationPlatforms) = postSolution
		{C29DAB1D-016A-4CDB-AC85-8F84C1A95529}.Debug|Any CPU.ActiveCfg = Debug|Any CPU
		{C29DAB1D-016A-4CDB-AC85-8F84C1A95529}.Debug|Any CPU.Build.0 = Debug|Any CPU
		{C29DAB1D-016A-4CDB-AC85-8F84C1A95529}.Release|Any CPU.ActiveCfg = Release|Any CPU
		{C29DAB1D-016A-4CDB-AC85-8F84C1A95529}.Release|Any CPU.Build.0 = Release|Any CPU
	EndGlobalSection
	GlobalSection(SolutionProperties) = preSolution
		HideSolutionNode = FALSE
	EndGlobalSection
	GlobalSection(ExtensibilityGlobals) = postSolution
		SolutionGuid = {4B57A5BE-184B-4143-8400-45273254A4A8}
	EndGlobalSection
EndGlobal
