
Microsoft Visual Studio Solution File, Format Version 12.00
# Visual Studio 15
VisualStudioVersion = 15.0.28010.2048
MinimumVisualStudioVersion = 10.0.40219.1
Project("{FAE04EC0-301F-11D3-BF4B-00C04F79EFBC}") = "InheritanceExample", "InheritanceExample\InheritanceExample.csproj", "{6FC593F2-CCB3-42F0-BB19-05E8066B8A2C}"
EndProject
Global
	GlobalSection(SolutionConfigurationPlatforms) = preSolution
		Debug|Any CPU = Debug|Any CPU
		Release|Any CPU = Release|Any CPU
	EndGlobalSection
	GlobalSection(ProjectConfigurationPlatforms) = postSolution
		{6FC593F2-CCB3-42F0-BB19-05E8066B8A2C}.Debug|Any CPU.ActiveCfg = Debug|Any CPU
		{6FC593F2-CCB3-42F0-BB19-05E8066B8A2C}.Debug|Any CPU.Build.0 = Debug|Any CPU
		{6FC593F2-CCB3-42F0-BB19-05E8066B8A2C}.Release|Any CPU.ActiveCfg = Release|Any CPU
		{6FC593F2-CCB3-42F0-BB19-05E8066B8A2C}.Release|Any CPU.Build.0 = Release|Any CPU
	EndGlobalSection
	GlobalSection(SolutionProperties) = preSolution
		HideSolutionNode = FALSE
	EndGlobalSection
	GlobalSection(ExtensibilityGlobals) = postSolution
		SolutionGuid = {34BDB9BB-4C6C-48C9-8956-F4C780B0237D}
	EndGlobalSection
EndGlobal
