
Microsoft Visual Studio Solution File, Format Version 12.00
# Visual Studio 15
VisualStudioVersion = 15.0.28010.2036
MinimumVisualStudioVersion = 10.0.40219.1
Project("{FAE04EC0-301F-11D3-BF4B-00C04F79EFBC}") = "HelloWorld", "HelloWorld\HelloWorld.csproj", "{27A6E74C-07AF-441F-AF32-B7C62A503FA6}"
EndProject
Global
	GlobalSection(SolutionConfigurationPlatforms) = preSolution
		Debug|Any CPU = Debug|Any CPU
		Release|Any CPU = Release|Any CPU
	EndGlobalSection
	GlobalSection(ProjectConfigurationPlatforms) = postSolution
		{27A6E74C-07AF-441F-AF32-B7C62A503FA6}.Debug|Any CPU.ActiveCfg = Debug|Any CPU
		{27A6E74C-07AF-441F-AF32-B7C62A503FA6}.Debug|Any CPU.Build.0 = Debug|Any CPU
		{27A6E74C-07AF-441F-AF32-B7C62A503FA6}.Release|Any CPU.ActiveCfg = Release|Any CPU
		{27A6E74C-07AF-441F-AF32-B7C62A503FA6}.Release|Any CPU.Build.0 = Release|Any CPU
	EndGlobalSection
	GlobalSection(SolutionProperties) = preSolution
		HideSolutionNode = FALSE
	EndGlobalSection
	GlobalSection(ExtensibilityGlobals) = postSolution
		SolutionGuid = {7C20D87F-C545-4F14-A7D0-316DEB6B1A0C}
	EndGlobalSection
EndGlobal
