
Microsoft Visual Studio Solution File, Format Version 12.00
# Visual Studio 15
VisualStudioVersion = 15.0.28010.2048
MinimumVisualStudioVersion = 10.0.40219.1
Project("{FAE04EC0-301F-11D3-BF4B-00C04F79EFBC}") = "BankExample", "BankExample\BankExample.csproj", "{654095B6-BB4D-42FC-9B4A-596CF985F2B2}"
EndProject
Project("{FAE04EC0-301F-11D3-BF4B-00C04F79EFBC}") = "BankExampleTests", "BankExampleTests\BankExampleTests.csproj", "{D769BBC6-7170-435C-8027-741D98C6AC09}"
EndProject
Global
	GlobalSection(SolutionConfigurationPlatforms) = preSolution
		Debug|Any CPU = Debug|Any CPU
		Release|Any CPU = Release|Any CPU
	EndGlobalSection
	GlobalSection(ProjectConfigurationPlatforms) = postSolution
		{654095B6-BB4D-42FC-9B4A-596CF985F2B2}.Debug|Any CPU.ActiveCfg = Debug|Any CPU
		{654095B6-BB4D-42FC-9B4A-596CF985F2B2}.Debug|Any CPU.Build.0 = Debug|Any CPU
		{654095B6-BB4D-42FC-9B4A-596CF985F2B2}.Release|Any CPU.ActiveCfg = Release|Any CPU
		{654095B6-BB4D-42FC-9B4A-596CF985F2B2}.Release|Any CPU.Build.0 = Release|Any CPU
		{D769BBC6-7170-435C-8027-741D98C6AC09}.Debug|Any CPU.ActiveCfg = Debug|Any CPU
		{D769BBC6-7170-435C-8027-741D98C6AC09}.Debug|Any CPU.Build.0 = Debug|Any CPU
		{D769BBC6-7170-435C-8027-741D98C6AC09}.Release|Any CPU.ActiveCfg = Release|Any CPU
		{D769BBC6-7170-435C-8027-741D98C6AC09}.Release|Any CPU.Build.0 = Release|Any CPU
	EndGlobalSection
	GlobalSection(SolutionProperties) = preSolution
		HideSolutionNode = FALSE
	EndGlobalSection
	GlobalSection(ExtensibilityGlobals) = postSolution
		SolutionGuid = {C2A9B874-B979-4046-9E49-18E390200030}
	EndGlobalSection
EndGlobal
